
Microsoft Visual Studio Solution File, Format Version 12.00
# Visual Studio Version 16
VisualStudioVersion = 16.0.31321.278
MinimumVisualStudioVersion = 10.0.40219.1
Project("{FAE04EC0-301F-11D3-BF4B-00C04F79EFBC}") = "DesignPro", "DesignPro\DesignPro.csproj", "{32FC45FD-7979-4BE9-A2D6-CEE276E557FA}"
EndProject
Project("{2150E333-8FDC-42A3-9474-1A3956D46DE8}") = "1. FrontEnd", "1. FrontEnd", "{806ECD4A-0DBB-429B-AD09-3C7E9E062BC1}"
EndProject
Project("{2150E333-8FDC-42A3-9474-1A3956D46DE8}") = "2. BackEnd", "2. BackEnd", "{0D228C8F-AE3F-4AF1-8D4B-C46552E3453C}"
EndProject
Project("{2150E333-8FDC-42A3-9474-1A3956D46DE8}") = "1. Services", "1. Services", "{7D13424C-838D-4CE5-8BD3-39528EF82DB4}"
EndProject
Project("{2150E333-8FDC-42A3-9474-1A3956D46DE8}") = "2. Business", "2. Business", "{7D37B359-D42F-4A50-ABBF-913E099211AB}"
EndProject
Project("{2150E333-8FDC-42A3-9474-1A3956D46DE8}") = "3. DataAccess", "3. DataAccess", "{ECBBBBB7-5A26-4827-A1EE-19FBA9A2CB51}"
EndProject
Project("{FAE04EC0-301F-11D3-BF4B-00C04F79EFBC}") = "InternalServices", "InternalServices\InternalServices.csproj", "{C7C7EBB4-5164-4969-9F49-7E97E978A41F}"
EndProject
Project("{FAE04EC0-301F-11D3-BF4B-00C04F79EFBC}") = "Persistencia", "Persistencia\Persistencia.csproj", "{5E7AE542-A28E-4421-9591-58B1CFEC0405}"
EndProject
Project("{FAE04EC0-301F-11D3-BF4B-00C04F79EFBC}") = "Dominio", "Dominio\Dominio.csproj", "{DB505F3E-4008-4DEC-BFB4-6545B2F81B52}"
EndProject
Project("{2150E333-8FDC-42A3-9474-1A3956D46DE8}") = "3. Cross-Cutting Concerns", "3. Cross-Cutting Concerns", "{DF8CC842-3FEB-4A51-BB6E-B1D9ADC2AA1A}"
EndProject
Project("{FAE04EC0-301F-11D3-BF4B-00C04F79EFBC}") = "Common", "Common\Common.csproj", "{AA805B28-082F-4E53-B732-6E383F02583B}"
EndProject
Global
	GlobalSection(SolutionConfigurationPlatforms) = preSolution
		Debug|Any CPU = Debug|Any CPU
		Release|Any CPU = Release|Any CPU
	EndGlobalSection
	GlobalSection(ProjectConfigurationPlatforms) = postSolution
		{32FC45FD-7979-4BE9-A2D6-CEE276E557FA}.Debug|Any CPU.ActiveCfg = Debug|Any CPU
		{32FC45FD-7979-4BE9-A2D6-CEE276E557FA}.Debug|Any CPU.Build.0 = Debug|Any CPU
		{32FC45FD-7979-4BE9-A2D6-CEE276E557FA}.Release|Any CPU.ActiveCfg = Release|Any CPU
		{32FC45FD-7979-4BE9-A2D6-CEE276E557FA}.Release|Any CPU.Build.0 = Release|Any CPU
		{C7C7EBB4-5164-4969-9F49-7E97E978A41F}.Debug|Any CPU.ActiveCfg = Debug|Any CPU
		{C7C7EBB4-5164-4969-9F49-7E97E978A41F}.Debug|Any CPU.Build.0 = Debug|Any CPU
		{C7C7EBB4-5164-4969-9F49-7E97E978A41F}.Release|Any CPU.ActiveCfg = Release|Any CPU
		{C7C7EBB4-5164-4969-9F49-7E97E978A41F}.Release|Any CPU.Build.0 = Release|Any CPU
		{5E7AE542-A28E-4421-9591-58B1CFEC0405}.Debug|Any CPU.ActiveCfg = Debug|Any CPU
		{5E7AE542-A28E-4421-9591-58B1CFEC0405}.Debug|Any CPU.Build.0 = Debug|Any CPU
		{5E7AE542-A28E-4421-9591-58B1CFEC0405}.Release|Any CPU.ActiveCfg = Release|Any CPU
		{5E7AE542-A28E-4421-9591-58B1CFEC0405}.Release|Any CPU.Build.0 = Release|Any CPU
		{DB505F3E-4008-4DEC-BFB4-6545B2F81B52}.Debug|Any CPU.ActiveCfg = Debug|Any CPU
		{DB505F3E-4008-4DEC-BFB4-6545B2F81B52}.Debug|Any CPU.Build.0 = Debug|Any CPU
		{DB505F3E-4008-4DEC-BFB4-6545B2F81B52}.Release|Any CPU.ActiveCfg = Release|Any CPU
		{DB505F3E-4008-4DEC-BFB4-6545B2F81B52}.Release|Any CPU.Build.0 = Release|Any CPU
		{AA805B28-082F-4E53-B732-6E383F02583B}.Debug|Any CPU.ActiveCfg = Debug|Any CPU
		{AA805B28-082F-4E53-B732-6E383F02583B}.Debug|Any CPU.Build.0 = Debug|Any CPU
		{AA805B28-082F-4E53-B732-6E383F02583B}.Release|Any CPU.ActiveCfg = Release|Any CPU
		{AA805B28-082F-4E53-B732-6E383F02583B}.Release|Any CPU.Build.0 = Release|Any CPU
	EndGlobalSection
	GlobalSection(SolutionProperties) = preSolution
		HideSolutionNode = FALSE
	EndGlobalSection
	GlobalSection(NestedProjects) = preSolution
		{32FC45FD-7979-4BE9-A2D6-CEE276E557FA} = {806ECD4A-0DBB-429B-AD09-3C7E9E062BC1}
		{7D13424C-838D-4CE5-8BD3-39528EF82DB4} = {0D228C8F-AE3F-4AF1-8D4B-C46552E3453C}
		{7D37B359-D42F-4A50-ABBF-913E099211AB} = {0D228C8F-AE3F-4AF1-8D4B-C46552E3453C}
		{ECBBBBB7-5A26-4827-A1EE-19FBA9A2CB51} = {0D228C8F-AE3F-4AF1-8D4B-C46552E3453C}
		{C7C7EBB4-5164-4969-9F49-7E97E978A41F} = {7D13424C-838D-4CE5-8BD3-39528EF82DB4}
		{5E7AE542-A28E-4421-9591-58B1CFEC0405} = {ECBBBBB7-5A26-4827-A1EE-19FBA9A2CB51}
		{DB505F3E-4008-4DEC-BFB4-6545B2F81B52} = {7D37B359-D42F-4A50-ABBF-913E099211AB}
		{AA805B28-082F-4E53-B732-6E383F02583B} = {DF8CC842-3FEB-4A51-BB6E-B1D9ADC2AA1A}
	EndGlobalSection
	GlobalSection(ExtensibilityGlobals) = postSolution
		SolutionGuid = {E389C793-358B-4C9B-ADF1-3C1A6E5BA9B5}
	EndGlobalSection
EndGlobal
